// !$*UTF8*$!
{
	archiveVersion = 1;
	classes = {
	};
	objectVersion = 46;
	objects = {

/* Begin PBXBuildFile section */
		461998E918F6A2160080C0FF /* MainViewController.m in Sources */ = {isa = PBXBuildFile; fileRef = 461998E818F6A2160080C0FF /* MainViewController.m */; };
		46FFB333188B1F940093E025 /* Foundation.framework in Frameworks */ = {isa = PBXBuildFile; fileRef = 46FFB332188B1F940093E025 /* Foundation.framework */; };
		46FFB335188B1F940093E025 /* CoreGraphics.framework in Frameworks */ = {isa = PBXBuildFile; fileRef = 46FFB334188B1F940093E025 /* CoreGraphics.framework */; };
		46FFB337188B1F940093E025 /* UIKit.framework in Frameworks */ = {isa = PBXBuildFile; fileRef = 46FFB336188B1F940093E025 /* UIKit.framework */; };
		46FFB33D188B1F940093E025 /* InfoPlist.strings in Resources */ = {isa = PBXBuildFile; fileRef = 46FFB33B188B1F940093E025 /* InfoPlist.strings */; };
		46FFB33F188B1F940093E025 /* main.m in Sources */ = {isa = PBXBuildFile; fileRef = 46FFB33E188B1F940093E025 /* main.m */; };
		46FFB343188B1F940093E025 /* AppDelegate.m in Sources */ = {isa = PBXBuildFile; fileRef = 46FFB342188B1F940093E025 /* AppDelegate.m */; };
		46FFB345188B1F940093E025 /* Images.xcassets in Resources */ = {isa = PBXBuildFile; fileRef = 46FFB344188B1F940093E025 /* Images.xcassets */; };
		46FFB34C188B1F940093E025 /* XCTest.framework in Frameworks */ = {isa = PBXBuildFile; fileRef = 46FFB34B188B1F940093E025 /* XCTest.framework */; };
		46FFB34D188B1F940093E025 /* Foundation.framework in Frameworks */ = {isa = PBXBuildFile; fileRef = 46FFB332188B1F940093E025 /* Foundation.framework */; };
		46FFB34E188B1F940093E025 /* UIKit.framework in Frameworks */ = {isa = PBXBuildFile; fileRef = 46FFB336188B1F940093E025 /* UIKit.framework */; };
		46FFB356188B1F940093E025 /* InfoPlist.strings in Resources */ = {isa = PBXBuildFile; fileRef = 46FFB354188B1F940093E025 /* InfoPlist.strings */; };
		46FFB358188B1F940093E025 /* WhenDoesClassEndTests.m in Sources */ = {isa = PBXBuildFile; fileRef = 46FFB357188B1F940093E025 /* WhenDoesClassEndTests.m */; };
		46FFB364188B21EA0093E025 /* Main.storyboard in Resources */ = {isa = PBXBuildFile; fileRef = 46FFB363188B21EA0093E025 /* Main.storyboard */; };
/* End PBXBuildFile section */

/* Begin PBXContainerItemProxy section */
		46FFB34F188B1F940093E025 /* PBXContainerItemProxy */ = {
			isa = PBXContainerItemProxy;
			containerPortal = 46FFB327188B1F940093E025 /* Project object */;
			proxyType = 1;
			remoteGlobalIDString = 46FFB32E188B1F940093E025;
			remoteInfo = WhenDoesClassEnd;
		};
/* End PBXContainerItemProxy section */

/* Begin PBXFileReference section */
		461998E718F6A2160080C0FF /* MainViewController.h */ = {isa = PBXFileReference; fileEncoding = 4; lastKnownFileType = sourcecode.c.h; path = MainViewController.h; sourceTree = "<group>"; };
		461998E818F6A2160080C0FF /* MainViewController.m */ = {isa = PBXFileReference; fileEncoding = 4; lastKnownFileType = sourcecode.c.objc; path = MainViewController.m; sourceTree = "<group>"; };
		46FFB32F188B1F940093E025 /* WhenDoesClassEnd.app */ = {isa = PBXFileReference; explicitFileType = wrapper.application; includeInIndex = 0; path = WhenDoesClassEnd.app; sourceTree = BUILT_PRODUCTS_DIR; };
		46FFB332188B1F940093E025 /* Foundation.framework */ = {isa = PBXFileReference; lastKnownFileType = wrapper.framework; name = Foundation.framework; path = System/Library/Frameworks/Foundation.framework; sourceTree = SDKROOT; };
		46FFB334188B1F940093E025 /* CoreGraphics.framework */ = {isa = PBXFileReference; lastKnownFileType = wrapper.framework; name = CoreGraphics.framework; path = System/Library/Frameworks/CoreGraphics.framework; sourceTree = SDKROOT; };
		46FFB336188B1F940093E025 /* UIKit.framework */ = {isa = PBXFileReference; lastKnownFileType = wrapper.framework; name = UIKit.framework; path = System/Library/Frameworks/UIKit.framework; sourceTree = SDKROOT; };
		46FFB33A188B1F940093E025 /* WhenDoesClassEnd-Info.plist */ = {isa = PBXFileReference; lastKnownFileType = text.plist.xml; path = "WhenDoesClassEnd-Info.plist"; sourceTree = "<group>"; };
		46FFB33C188B1F940093E025 /* en */ = {isa = PBXFileReference; lastKnownFileType = text.plist.strings; name = en; path = en.lproj/InfoPlist.strings; sourceTree = "<group>"; };
		46FFB33E188B1F940093E025 /* main.m */ = {isa = PBXFileReference; lastKnownFileType = sourcecode.c.objc; path = main.m; sourceTree = "<group>"; };
		46FFB340188B1F940093E025 /* WhenDoesClassEnd-Prefix.pch */ = {isa = PBXFileReference; lastKnownFileType = sourcecode.c.h; path = "WhenDoesClassEnd-Prefix.pch"; sourceTree = "<group>"; };
		46FFB341188B1F940093E025 /* AppDelegate.h */ = {isa = PBXFileReference; lastKnownFileType = sourcecode.c.h; path = AppDelegate.h; sourceTree = "<group>"; };
		46FFB342188B1F940093E025 /* AppDelegate.m */ = {isa = PBXFileReference; lastKnownFileType = sourcecode.c.objc; path = AppDelegate.m; sourceTree = "<group>"; };
		46FFB344188B1F940093E025 /* Images.xcassets */ = {isa = PBXFileReference; lastKnownFileType = folder.assetcatalog; path = Images.xcassets; sourceTree = "<group>"; };
		46FFB34A188B1F940093E025 /* WhenDoesClassEndTests.xctest */ = {isa = PBXFileReference; explicitFileType = wrapper.cfbundle; includeInIndex = 0; path = WhenDoesClassEndTests.xctest; sourceTree = BUILT_PRODUCTS_DIR; };
		46FFB34B188B1F940093E025 /* XCTest.framework */ = {isa = PBXFileReference; lastKnownFileType = wrapper.framework; name = XCTest.framework; path = Library/Frameworks/XCTest.framework; sourceTree = DEVELOPER_DIR; };
		46FFB353188B1F940093E025 /* WhenDoesClassEndTests-Info.plist */ = {isa = PBXFileReference; lastKnownFileType = text.plist.xml; path = "WhenDoesClassEndTests-Info.plist"; sourceTree = "<group>"; };
		46FFB355188B1F940093E025 /* en */ = {isa = PBXFileReference; lastKnownFileType = text.plist.strings; name = en; path = en.lproj/InfoPlist.strings; sourceTree = "<group>"; };
		46FFB357188B1F940093E025 /* WhenDoesClassEndTests.m */ = {isa = PBXFileReference; lastKnownFileType = sourcecode.c.objc; path = WhenDoesClassEndTests.m; sourceTree = "<group>"; };
		46FFB363188B21EA0093E025 /* Main.storyboard */ = {isa = PBXFileReference; fileEncoding = 4; lastKnownFileType = file.storyboard; path = Main.storyboard; sourceTree = "<group>"; };
/* End PBXFileReference section */

/* Begin PBXFrameworksBuildPhase section */
		46FFB32C188B1F940093E025 /* Frameworks */ = {
			isa = PBXFrameworksBuildPhase;
			buildActionMask = 2147483647;
			files = (
				46FFB335188B1F940093E025 /* CoreGraphics.framework in Frameworks */,
				46FFB337188B1F940093E025 /* UIKit.framework in Frameworks */,
				46FFB333188B1F940093E025 /* Foundation.framework in Frameworks */,
			);
			runOnlyForDeploymentPostprocessing = 0;
		};
		46FFB347188B1F940093E025 /* Frameworks */ = {
			isa = PBXFrameworksBuildPhase;
			buildActionMask = 2147483647;
			files = (
				46FFB34C188B1F940093E025 /* XCTest.framework in Frameworks */,
				46FFB34E188B1F940093E025 /* UIKit.framework in Frameworks */,
				46FFB34D188B1F940093E025 /* Foundation.framework in Frameworks */,
			);
			runOnlyForDeploymentPostprocessing = 0;
		};
/* End PBXFrameworksBuildPhase section */

/* Begin PBXGroup section */
		46FFB326188B1F940093E025 = {
			isa = PBXGroup;
			children = (
				46FFB363188B21EA0093E025 /* Main.storyboard */,
				46FFB338188B1F940093E025 /* WhenDoesClassEnd */,
				46FFB351188B1F940093E025 /* WhenDoesClassEndTests */,
				46FFB331188B1F940093E025 /* Frameworks */,
				46FFB330188B1F940093E025 /* Products */,
			);
			sourceTree = "<group>";
		};
		46FFB330188B1F940093E025 /* Products */ = {
			isa = PBXGroup;
			children = (
				46FFB32F188B1F940093E025 /* WhenDoesClassEnd.app */,
				46FFB34A188B1F940093E025 /* WhenDoesClassEndTests.xctest */,
			);
			name = Products;
			sourceTree = "<group>";
		};
		46FFB331188B1F940093E025 /* Frameworks */ = {
			isa = PBXGroup;
			children = (
				46FFB332188B1F940093E025 /* Foundation.framework */,
				46FFB334188B1F940093E025 /* CoreGraphics.framework */,
				46FFB336188B1F940093E025 /* UIKit.framework */,
				46FFB34B188B1F940093E025 /* XCTest.framework */,
			);
			name = Frameworks;
			sourceTree = "<group>";
		};
		46FFB338188B1F940093E025 /* WhenDoesClassEnd */ = {
			isa = PBXGroup;
			children = (
				46FFB341188B1F940093E025 /* AppDelegate.h */,
				46FFB342188B1F940093E025 /* AppDelegate.m */,
				461998E718F6A2160080C0FF /* MainViewController.h */,
				461998E818F6A2160080C0FF /* MainViewController.m */,
				46FFB344188B1F940093E025 /* Images.xcassets */,
				46FFB339188B1F940093E025 /* Supporting Files */,
			);
			path = WhenDoesClassEnd;
			sourceTree = "<group>";
		};
		46FFB339188B1F940093E025 /* Supporting Files */ = {
			isa = PBXGroup;
			children = (
				46FFB33A188B1F940093E025 /* WhenDoesClassEnd-Info.plist */,
				46FFB33B188B1F940093E025 /* InfoPlist.strings */,
				46FFB33E188B1F940093E025 /* main.m */,
				46FFB340188B1F940093E025 /* WhenDoesClassEnd-Prefix.pch */,
			);
			name = "Supporting Files";
			sourceTree = "<group>";
		};
		46FFB351188B1F940093E025 /* WhenDoesClassEndTests */ = {
			isa = PBXGroup;
			children = (
				46FFB357188B1F940093E025 /* WhenDoesClassEndTests.m */,
				46FFB352188B1F940093E025 /* Supporting Files */,
			);
			path = WhenDoesClassEndTests;
			sourceTree = "<group>";
		};
		46FFB352188B1F940093E025 /* Supporting Files */ = {
			isa = PBXGroup;
			children = (
				46FFB353188B1F940093E025 /* WhenDoesClassEndTests-Info.plist */,
				46FFB354188B1F940093E025 /* InfoPlist.strings */,
			);
			name = "Supporting Files";
			sourceTree = "<group>";
		};
/* End PBXGroup section */

/* Begin PBXNativeTarget section */
		46FFB32E188B1F940093E025 /* WhenDoesClassEnd */ = {
			isa = PBXNativeTarget;
			buildConfigurationList = 46FFB35B188B1F940093E025 /* Build configuration list for PBXNativeTarget "WhenDoesClassEnd" */;
			buildPhases = (
				46FFB32B188B1F940093E025 /* Sources */,
				46FFB32C188B1F940093E025 /* Frameworks */,
				46FFB32D188B1F940093E025 /* Resources */,
			);
			buildRules = (
			);
			dependencies = (
			);
			name = WhenDoesClassEnd;
			productName = WhenDoesClassEnd;
			productReference = 46FFB32F188B1F940093E025 /* WhenDoesClassEnd.app */;
			productType = "com.apple.product-type.application";
		};
		46FFB349188B1F940093E025 /* WhenDoesClassEndTests */ = {
			isa = PBXNativeTarget;
			buildConfigurationList = 46FFB35E188B1F940093E025 /* Build configuration list for PBXNativeTarget "WhenDoesClassEndTests" */;
			buildPhases = (
				46FFB346188B1F940093E025 /* Sources */,
				46FFB347188B1F940093E025 /* Frameworks */,
				46FFB348188B1F940093E025 /* Resources */,
			);
			buildRules = (
			);
			dependencies = (
				46FFB350188B1F940093E025 /* PBXTargetDependency */,
			);
			name = WhenDoesClassEndTests;
			productName = WhenDoesClassEndTests;
			productReference = 46FFB34A188B1F940093E025 /* WhenDoesClassEndTests.xctest */;
			productType = "com.apple.product-type.bundle.unit-test";
		};
/* End PBXNativeTarget section */

/* Begin PBXProject section */
		46FFB327188B1F940093E025 /* Project object */ = {
			isa = PBXProject;
			attributes = {
				LastUpgradeCheck = 0500;
				ORGANIZATIONNAME = "Andrew Breckenridge";
				TargetAttributes = {
					46FFB349188B1F940093E025 = {
						TestTargetID = 46FFB32E188B1F940093E025;
					};
				};
			};
			buildConfigurationList = 46FFB32A188B1F940093E025 /* Build configuration list for PBXProject "WhenDoesClassEnd" */;
			compatibilityVersion = "Xcode 3.2";
			developmentRegion = English;
			hasScannedForEncodings = 0;
			knownRegions = (
				en,
			);
			mainGroup = 46FFB326188B1F940093E025;
			productRefGroup = 46FFB330188B1F940093E025 /* Products */;
			projectDirPath = "";
			projectRoot = "";
			targets = (
				46FFB32E188B1F940093E025 /* WhenDoesClassEnd */,
				46FFB349188B1F940093E025 /* WhenDoesClassEndTests */,
			);
		};
/* End PBXProject section */

/* Begin PBXResourcesBuildPhase section */
		46FFB32D188B1F940093E025 /* Resources */ = {
			isa = PBXResourcesBuildPhase;
			buildActionMask = 2147483647;
			files = (
				46FFB364188B21EA0093E025 /* Main.storyboard in Resources */,
				46FFB33D188B1F940093E025 /* InfoPlist.strings in Resources */,
				46FFB345188B1F940093E025 /* Images.xcassets in Resources */,
			);
			runOnlyForDeploymentPostprocessing = 0;
		};
		46FFB348188B1F940093E025 /* Resources */ = {
			isa = PBXResourcesBuildPhase;
			buildActionMask = 2147483647;
			files = (
				46FFB356188B1F940093E025 /* InfoPlist.strings in Resources */,
			);
			runOnlyForDeploymentPostprocessing = 0;
		};
/* End PBXResourcesBuildPhase section */

/* Begin PBXSourcesBuildPhase section */
		46FFB32B188B1F940093E025 /* Sources */ = {
			isa = PBXSourcesBuildPhase;
			buildActionMask = 2147483647;
			files = (
				46FFB343188B1F940093E025 /* AppDelegate.m in Sources */,
				46FFB33F188B1F940093E025 /* main.m in Sources */,
				461998E918F6A2160080C0FF /* MainViewController.m in Sources */,
			);
			runOnlyForDeploymentPostprocessing = 0;
		};
		46FFB346188B1F940093E025 /* Sources */ = {
			isa = PBXSourcesBuildPhase;
			buildActionMask = 2147483647;
			files = (
				46FFB358188B1F940093E025 /* WhenDoesClassEndTests.m in Sources */,
			);
			runOnlyForDeploymentPostprocessing = 0;
		};
/* End PBXSourcesBuildPhase section */

/* Begin PBXTargetDependency section */
		46FFB350188B1F940093E025 /* PBXTargetDependency */ = {
			isa = PBXTargetDependency;
			target = 46FFB32E188B1F940093E025 /* WhenDoesClassEnd */;
			targetProxy = 46FFB34F188B1F940093E025 /* PBXContainerItemProxy */;
		};
/* End PBXTargetDependency section */

/* Begin PBXVariantGroup section */
		46FFB33B188B1F940093E025 /* InfoPlist.strings */ = {
			isa = PBXVariantGroup;
			children = (
				46FFB33C188B1F940093E025 /* en */,
			);
			name = InfoPlist.strings;
			sourceTree = "<group>";
		};
		46FFB354188B1F940093E025 /* InfoPlist.strings */ = {
			isa = PBXVariantGroup;
			children = (
				46FFB355188B1F940093E025 /* en */,
			);
			name = InfoPlist.strings;
			sourceTree = "<group>";
		};
/* End PBXVariantGroup section */

/* Begin XCBuildConfiguration section */
		46FFB359188B1F940093E025 /* Debug */ = {
			isa = XCBuildConfiguration;
			buildSettings = {
				ALWAYS_SEARCH_USER_PATHS = NO;
				ARCHS = "$(ARCHS_STANDARD_INCLUDING_64_BIT)";
				CLANG_CXX_LANGUAGE_STANDARD = "gnu++0x";
				CLANG_CXX_LIBRARY = "libc++";
				CLANG_ENABLE_MODULES = YES;
				CLANG_ENABLE_OBJC_ARC = YES;
				CLANG_WARN_BOOL_CONVERSION = YES;
				CLANG_WARN_CONSTANT_CONVERSION = YES;
				CLANG_WARN_DIRECT_OBJC_ISA_USAGE = YES_ERROR;
				CLANG_WARN_EMPTY_BODY = YES;
				CLANG_WARN_ENUM_CONVERSION = YES;
				CLANG_WARN_INT_CONVERSION = YES;
				CLANG_WARN_OBJC_ROOT_CLASS = YES_ERROR;
				CLANG_WARN__DUPLICATE_METHOD_MATCH = YES;
				"CODE_SIGN_IDENTITY[sdk=iphoneos*]" = "iPhone Developer";
				COPY_PHASE_STRIP = NO;
				GCC_C_LANGUAGE_STANDARD = gnu99;
				GCC_DYNAMIC_NO_PIC = NO;
				GCC_OPTIMIZATION_LEVEL = 0;
				GCC_PREPROCESSOR_DEFINITIONS = (
					"DEBUG=1",
					"$(inherited)",
				);
				GCC_SYMBOLS_PRIVATE_EXTERN = NO;
				GCC_WARN_64_TO_32_BIT_CONVERSION = YES;
				GCC_WARN_ABOUT_RETURN_TYPE = YES_ERROR;
				GCC_WARN_UNDECLARED_SELECTOR = YES;
				GCC_WARN_UNINITIALIZED_AUTOS = YES;
				GCC_WARN_UNUSED_FUNCTION = YES;
				GCC_WARN_UNUSED_VARIABLE = YES;
				IPHONEOS_DEPLOYMENT_TARGET = 7.0;
				ONLY_ACTIVE_ARCH = YES;
				SDKROOT = iphoneos;
				TARGETED_DEVICE_FAMILY = "1,2";
			};
			name = Debug;
		};
		46FFB35A188B1F940093E025 /* Release */ = {
			isa = XCBuildConfiguration;
			buildSettings = {
				ALWAYS_SEARCH_USER_PATHS = NO;
				ARCHS = "$(ARCHS_STANDARD_INCLUDING_64_BIT)";
				CLANG_CXX_LANGUAGE_STANDARD = "gnu++0x";
				CLANG_CXX_LIBRARY = "libc++";
				CLANG_ENABLE_MODULES = YES;
				CLANG_ENABLE_OBJC_ARC = YES;
				CLANG_WARN_BOOL_CONVERSION = YES;
				CLANG_WARN_CONSTANT_CONVERSION = YES;
				CLANG_WARN_DIRECT_OBJC_ISA_USAGE = YES_ERROR;
				CLANG_WARN_EMPTY_BODY = YES;
				CLANG_WARN_ENUM_CONVERSION = YES;
				CLANG_WARN_INT_CONVERSION = YES;
				CLANG_WARN_OBJC_ROOT_CLASS = YES_ERROR;
				CLANG_WARN__DUPLICATE_METHOD_MATCH = YES;
				"CODE_SIGN_IDENTITY[sdk=iphoneos*]" = "iPhone Developer";
				COPY_PHASE_STRIP = YES;
				ENABLE_NS_ASSERTIONS = NO;
				GCC_C_LANGUAGE_STANDARD = gnu99;
				GCC_WARN_64_TO_32_BIT_CONVERSION = YES;
				GCC_WARN_ABOUT_RETURN_TYPE = YES_ERROR;
				GCC_WARN_UNDECLARED_SELECTOR = YES;
				GCC_WARN_UNINITIALIZED_AUTOS = YES;
				GCC_WARN_UNUSED_FUNCTION = YES;
				GCC_WARN_UNUSED_VARIABLE = YES;
				IPHONEOS_DEPLOYMENT_TARGET = 7.0;
				SDKROOT = iphoneos;
				TARGETED_DEVICE_FAMILY = "1,2";
				VALIDATE_PRODUCT = YES;
			};
			name = Release;
		};
		46FFB35C188B1F940093E025 /* Debug */ = {
			isa = XCBuildConfiguration;
			buildSettings = {
				ASSETCATALOG_COMPILER_APPICON_NAME = AppIcon;
				ASSETCATALOG_COMPILER_LAUNCHIMAGE_NAME = LaunchImage;
				GCC_PRECOMPILE_PREFIX_HEADER = YES;
				GCC_PREFIX_HEADER = "WhenDoesClassEnd/WhenDoesClassEnd-Prefix.pch";
				INFOPLIST_FILE = "WhenDoesClassEnd/WhenDoesClassEnd-Info.plist";
				PRODUCT_NAME = "$(TARGET_NAME)";
				WRAPPER_EXTENSION = app;
			};
			name = Debug;
		};
		46FFB35D188B1F940093E025 /* Release */ = {
			isa = XCBuildConfiguration;
			buildSettings = {
				ASSETCATALOG_COMPILER_APPICON_NAME = AppIcon;
				ASSETCATALOG_COMPILER_LAUNCHIMAGE_NAME = LaunchImage;
				GCC_PRECOMPILE_PREFIX_HEADER = YES;
				GCC_PREFIX_HEADER = "WhenDoesClassEnd/WhenDoesClassEnd-Prefix.pch";
				INFOPLIST_FILE = "WhenDoesClassEnd/WhenDoesClassEnd-Info.plist";
				PRODUCT_NAME = "$(TARGET_NAME)";
				WRAPPER_EXTENSION = app;
			};
			name = Release;
		};
		46FFB35F188B1F940093E025 /* Debug */ = {
			isa = XCBuildConfiguration;
			buildSettings = {
				ARCHS = "$(ARCHS_STANDARD_INCLUDING_64_BIT)";
				BUNDLE_LOADER = "$(BUILT_PRODUCTS_DIR)/WhenDoesClassEnd.app/WhenDoesClassEnd";
				FRAMEWORK_SEARCH_PATHS = (
					"$(SDKROOT)/Developer/Library/Frameworks",
					"$(inherited)",
					"$(DEVELOPER_FRAMEWORKS_DIR)",
				);
				GCC_PRECOMPILE_PREFIX_HEADER = YES;
				GCC_PREFIX_HEADER = "WhenDoesClassEnd/WhenDoesClassEnd-Prefix.pch";
				GCC_PREPROCESSOR_DEFINITIONS = (
					"DEBUG=1",
					"$(inherited)",
				);
				INFOPLIST_FILE = "WhenDoesClassEndTests/WhenDoesClassEndTests-Info.plist";
				PRODUCT_NAME = "$(TARGET_NAME)";
				TEST_HOST = "$(BUNDLE_LOADER)";
				WRAPPER_EXTENSION = xctest;
			};
			name = Debug;
		};
		46FFB360188B1F940093E025 /* Release */ = {
			isa = XCBuildConfiguration;
			buildSettings = {
				ARCHS = "$(ARCHS_STANDARD_INCLUDING_64_BIT)";
				BUNDLE_LOADER = "$(BUILT_PRODUCTS_DIR)/WhenDoesClassEnd.app/WhenDoesClassEnd";
				FRAMEWORK_SEARCH_PATHS = (
					"$(SDKROOT)/Developer/Library/Frameworks",
					"$(inherited)",
					"$(DEVELOPER_FRAMEWORKS_DIR)",
				);
				GCC_PRECOMPILE_PREFIX_HEADER = YES;
				GCC_PREFIX_HEADER = "WhenDoesClassEnd/WhenDoesClassEnd-Prefix.pch";
				INFOPLIST_FILE = "WhenDoesClassEndTests/WhenDoesClassEndTests-Info.plist";
				PRODUCT_NAME = "$(TARGET_NAME)";
				TEST_HOST = "$(BUNDLE_LOADER)";
				WRAPPER_EXTENSION = xctest;
			};
			name = Release;
		};
/* End XCBuildConfiguration section */

/* Begin XCConfigurationList section */
		46FFB32A188B1F940093E025 /* Build configuration list for PBXProject "WhenDoesClassEnd" */ = {
			isa = XCConfigurationList;
			buildConfigurations = (
				46FFB359188B1F940093E025 /* Debug */,
				46FFB35A188B1F940093E025 /* Release */,
			);
			defaultConfigurationIsVisible = 0;
			defaultConfigurationName = Release;
		};
		46FFB35B188B1F940093E025 /* Build configuration list for PBXNativeTarget "WhenDoesClassEnd" */ = {
			isa = XCConfigurationList;
			buildConfigurations = (
				46FFB35C188B1F940093E025 /* Debug */,
				46FFB35D188B1F940093E025 /* Release */,
			);
			defaultConfigurationIsVisible = 0;
			defaultConfigurationName = Release;
		};
		46FFB35E188B1F940093E025 /* Build configuration list for PBXNativeTarget "WhenDoesClassEndTests" */ = {
			isa = XCConfigurationList;
			buildConfigurations = (
				46FFB35F188B1F940093E025 /* Debug */,
				46FFB360188B1F940093E025 /* Release */,
			);
			defaultConfigurationIsVisible = 0;
			defaultConfigurationName = Release;
		};
/* End XCConfigurationList section */
	};
	rootObject = 46FFB327188B1F940093E025 /* Project object */;
}
